
Microsoft Visual Studio Solution File, Format Version 12.00
# Visual Studio Version 16
VisualStudioVersion = 16.0.30320.27
MinimumVisualStudioVersion = 10.0.40219.1
Project("{FAE04EC0-301F-11D3-BF4B-00C04F79EFBC}") = "WeatherApp", "WeatherApp.csproj", "{90EBFE2E-131C-47CF-AFBE-2BEE491D1964}"
EndProject
Global
	GlobalSection(SolutionConfigurationPlatforms) = preSolution
		Debug|Any CPU = Debug|Any CPU
		Release|Any CPU = Release|Any CPU
	EndGlobalSection
	GlobalSection(ProjectConfigurationPlatforms) = postSolution
		{90EBFE2E-131C-47CF-AFBE-2BEE491D1964}.Debug|Any CPU.ActiveCfg = Debug|Any CPU
		{90EBFE2E-131C-47CF-AFBE-2BEE491D1964}.Debug|Any CPU.Build.0 = Debug|Any CPU
		{90EBFE2E-131C-47CF-AFBE-2BEE491D1964}.Release|Any CPU.ActiveCfg = Release|Any CPU
		{90EBFE2E-131C-47CF-AFBE-2BEE491D1964}.Release|Any CPU.Build.0 = Release|Any CPU
	EndGlobalSection
	GlobalSection(SolutionProperties) = preSolution
		HideSolutionNode = FALSE
	EndGlobalSection
	GlobalSection(ExtensibilityGlobals) = postSolution
		SolutionGuid = {651DF80A-9DD1-498C-A4F8-2B5EE663D4A7}
	EndGlobalSection
EndGlobal
